
Microsoft Visual Studio Solution File, Format Version 12.00
# Visual Studio Version 17
VisualStudioVersion = 17.7.34202.233
MinimumVisualStudioVersion = 10.0.40219.1
Project("{FAE04EC0-301F-11D3-BF4B-00C04F79EFBC}") = "HesapMakinesi", "HesapMakinesi\HesapMakinesi.csproj", "{D07D57FB-34D6-4B28-A6F2-33385AF182C2}"
EndProject
Global
	GlobalSection(SolutionConfigurationPlatforms) = preSolution
		Debug|Any CPU = Debug|Any CPU
		Release|Any CPU = Release|Any CPU
	EndGlobalSection
	GlobalSection(ProjectConfigurationPlatforms) = postSolution
		{D07D57FB-34D6-4B28-A6F2-33385AF182C2}.Debug|Any CPU.ActiveCfg = Debug|Any CPU
		{D07D57FB-34D6-4B28-A6F2-33385AF182C2}.Debug|Any CPU.Build.0 = Debug|Any CPU
		{D07D57FB-34D6-4B28-A6F2-33385AF182C2}.Release|Any CPU.ActiveCfg = Release|Any CPU
		{D07D57FB-34D6-4B28-A6F2-33385AF182C2}.Release|Any CPU.Build.0 = Release|Any CPU
	EndGlobalSection
	GlobalSection(SolutionProperties) = preSolution
		HideSolutionNode = FALSE
	EndGlobalSection
	GlobalSection(ExtensibilityGlobals) = postSolution
		SolutionGuid = {8E076696-6D4B-4B58-9D0F-13A568B5B8C4}
	EndGlobalSection
EndGlobal
